
Microsoft Visual Studio Solution File, Format Version 12.00
# Visual Studio Version 16
VisualStudioVersion = 16.0.29503.13
MinimumVisualStudioVersion = 10.0.40219.1
Project("{FAE04EC0-301F-11D3-BF4B-00C04F79EFBC}") = "WindowsFormsApp2", "WindowsFormsApp2\WindowsFormsApp2.csproj", "{F39AE117-1DF3-4F15-A8CF-6611495C6B14}"
EndProject
Global
	GlobalSection(SolutionConfigurationPlatforms) = preSolution
		Debug|Any CPU = Debug|Any CPU
		Release|Any CPU = Release|Any CPU
	EndGlobalSection
	GlobalSection(ProjectConfigurationPlatforms) = postSolution
		{F39AE117-1DF3-4F15-A8CF-6611495C6B14}.Debug|Any CPU.ActiveCfg = Debug|Any CPU
		{F39AE117-1DF3-4F15-A8CF-6611495C6B14}.Debug|Any CPU.Build.0 = Debug|Any CPU
		{F39AE117-1DF3-4F15-A8CF-6611495C6B14}.Release|Any CPU.ActiveCfg = Release|Any CPU
		{F39AE117-1DF3-4F15-A8CF-6611495C6B14}.Release|Any CPU.Build.0 = Release|Any CPU
	EndGlobalSection
	GlobalSection(SolutionProperties) = preSolution
		HideSolutionNode = FALSE
	EndGlobalSection
	GlobalSection(ExtensibilityGlobals) = postSolution
		SolutionGuid = {80F8137D-A7A0-4928-9C09-C8DD8AC89B07}
	EndGlobalSection
EndGlobal
